// !$*UTF8*$!
{
	archiveVersion = 1;
	classes = {
	};
	objectVersion = 56;
	objects = {

/* Begin PBXBuildFile section */
		3D0D6D8B2BA6E04B002B3FD8 /* LittleLemonApp.swift in Sources */ = {isa = PBXBuildFile; fileRef = 3D0D6D8A2BA6E04B002B3FD8 /* LittleLemonApp.swift */; };
		3D0D6D8F2BA6E04C002B3FD8 /* Assets.xcassets in Resources */ = {isa = PBXBuildFile; fileRef = 3D0D6D8E2BA6E04C002B3FD8 /* Assets.xcassets */; };
		3D0D6D932BA6E04C002B3FD8 /* Preview Assets.xcassets in Resources */ = {isa = PBXBuildFile; fileRef = 3D0D6D922BA6E04C002B3FD8 /* Preview Assets.xcassets */; };
		3D0D6D9D2BA6E04C002B3FD8 /* LittleLemonTests.swift in Sources */ = {isa = PBXBuildFile; fileRef = 3D0D6D9C2BA6E04C002B3FD8 /* LittleLemonTests.swift */; };
		3D0D6DA72BA6E04C002B3FD8 /* LittleLemonUITests.swift in Sources */ = {isa = PBXBuildFile; fileRef = 3D0D6DA62BA6E04C002B3FD8 /* LittleLemonUITests.swift */; };
		3D0D6DA92BA6E04C002B3FD8 /* LittleLemonUITestsLaunchTests.swift in Sources */ = {isa = PBXBuildFile; fileRef = 3D0D6DA82BA6E04C002B3FD8 /* LittleLemonUITestsLaunchTests.swift */; };
		3D0D6DB62BA6E0CE002B3FD8 /* Styles.swift in Sources */ = {isa = PBXBuildFile; fileRef = 3D0D6DB52BA6E0CE002B3FD8 /* Styles.swift */; };
		3D0D6DBC2BA6F447002B3FD8 /* FetchedObjects.swift in Sources */ = {isa = PBXBuildFile; fileRef = 3D0D6DBB2BA6F447002B3FD8 /* FetchedObjects.swift */; };
		3D0D6DBE2BA6F456002B3FD8 /* Persistence.swift in Sources */ = {isa = PBXBuildFile; fileRef = 3D0D6DBD2BA6F456002B3FD8 /* Persistence.swift */; };
		3D0D6DC12BA6F475002B3FD8 /* Database.xcdatamodeld in Sources */ = {isa = PBXBuildFile; fileRef = 3D0D6DBF2BA6F475002B3FD8 /* Database.xcdatamodeld */; };
		3D0D6DC32BA6F4D7002B3FD8 /* MenuItem.swift in Sources */ = {isa = PBXBuildFile; fileRef = 3D0D6DC22BA6F4D7002B3FD8 /* MenuItem.swift */; };
		3D0D6DC52BA6F4E0002B3FD8 /* MenuList.swift in Sources */ = {isa = PBXBuildFile; fileRef = 3D0D6DC42BA6F4E0002B3FD8 /* MenuList.swift */; };
		3D0D6DC72BA6F567002B3FD8 /* Onboarding.swift in Sources */ = {isa = PBXBuildFile; fileRef = 3D0D6DC62BA6F567002B3FD8 /* Onboarding.swift */; };
		3D0D6DC92BA6F572002B3FD8 /* Menu.swift in Sources */ = {isa = PBXBuildFile; fileRef = 3D0D6DC82BA6F572002B3FD8 /* Menu.swift */; };
		3D0D6DCB2BA6F57C002B3FD8 /* Home.swift in Sources */ = {isa = PBXBuildFile; fileRef = 3D0D6DCA2BA6F57C002B3FD8 /* Home.swift */; };
		3D0D6DCD2BA6F593002B3FD8 /* UserProfile.swift in Sources */ = {isa = PBXBuildFile; fileRef = 3D0D6DCC2BA6F593002B3FD8 /* UserProfile.swift */; };
		3D0D6DCF2BA6F59E002B3FD8 /* Hero.swift in Sources */ = {isa = PBXBuildFile; fileRef = 3D0D6DCE2BA6F59E002B3FD8 /* Hero.swift */; };
		3D0D6DD12BA6F5AA002B3FD8 /* Header.swift in Sources */ = {isa = PBXBuildFile; fileRef = 3D0D6DD02BA6F5AA002B3FD8 /* Header.swift */; };
		3D0D6DD32BA6F5B8002B3FD8 /* FoodItem.swift in Sources */ = {isa = PBXBuildFile; fileRef = 3D0D6DD22BA6F5B8002B3FD8 /* FoodItem.swift */; };
		3D0D6DD52BA6F67F002B3FD8 /* MainScreen.swift in Sources */ = {isa = PBXBuildFile; fileRef = 3D0D6DD42BA6F67F002B3FD8 /* MainScreen.swift */; };
		3D0D6DD72BA6F696002B3FD8 /* DetailItem.swift in Sources */ = {isa = PBXBuildFile; fileRef = 3D0D6DD62BA6F696002B3FD8 /* DetailItem.swift */; };
		3D0D6DD92BA6F6A8002B3FD8 /* ViewModel.swift in Sources */ = {isa = PBXBuildFile; fileRef = 3D0D6DD82BA6F6A8002B3FD8 /* ViewModel.swift */; };
/* End PBXBuildFile section */

/* Begin PBXContainerItemProxy section */
		3D0D6D992BA6E04C002B3FD8 /* PBXContainerItemProxy */ = {
			isa = PBXContainerItemProxy;
			containerPortal = 3D0D6D7F2BA6E04B002B3FD8 /* Project object */;
			proxyType = 1;
			remoteGlobalIDString = 3D0D6D862BA6E04B002B3FD8;
			remoteInfo = LittleLemon;
		};
		3D0D6DA32BA6E04C002B3FD8 /* PBXContainerItemProxy */ = {
			isa = PBXContainerItemProxy;
			containerPortal = 3D0D6D7F2BA6E04B002B3FD8 /* Project object */;
			proxyType = 1;
			remoteGlobalIDString = 3D0D6D862BA6E04B002B3FD8;
			remoteInfo = LittleLemon;
		};
/* End PBXContainerItemProxy section */

/* Begin PBXFileReference section */
		3D0D6D872BA6E04B002B3FD8 /* LittleLemon.app */ = {isa = PBXFileReference; explicitFileType = wrapper.application; includeInIndex = 0; path = LittleLemon.app; sourceTree = BUILT_PRODUCTS_DIR; };
		3D0D6D8A2BA6E04B002B3FD8 /* LittleLemonApp.swift */ = {isa = PBXFileReference; lastKnownFileType = sourcecode.swift; path = LittleLemonApp.swift; sourceTree = "<group>"; };
		3D0D6D8E2BA6E04C002B3FD8 /* Assets.xcassets */ = {isa = PBXFileReference; lastKnownFileType = folder.assetcatalog; path = Assets.xcassets; sourceTree = "<group>"; };
		3D0D6D902BA6E04C002B3FD8 /* LittleLemon.entitlements */ = {isa = PBXFileReference; lastKnownFileType = text.plist.entitlements; path = LittleLemon.entitlements; sourceTree = "<group>"; };
		3D0D6D922BA6E04C002B3FD8 /* Preview Assets.xcassets */ = {isa = PBXFileReference; lastKnownFileType = folder.assetcatalog; path = "Preview Assets.xcassets"; sourceTree = "<group>"; };
		3D0D6D982BA6E04C002B3FD8 /* LittleLemonTests.xctest */ = {isa = PBXFileReference; explicitFileType = wrapper.cfbundle; includeInIndex = 0; path = LittleLemonTests.xctest; sourceTree = BUILT_PRODUCTS_DIR; };
		3D0D6D9C2BA6E04C002B3FD8 /* LittleLemonTests.swift */ = {isa = PBXFileReference; lastKnownFileType = sourcecode.swift; path = LittleLemonTests.swift; sourceTree = "<group>"; };
		3D0D6DA22BA6E04C002B3FD8 /* LittleLemonUITests.xctest */ = {isa = PBXFileReference; explicitFileType = wrapper.cfbundle; includeInIndex = 0; path = LittleLemonUITests.xctest; sourceTree = BUILT_PRODUCTS_DIR; };
		3D0D6DA62BA6E04C002B3FD8 /* LittleLemonUITests.swift */ = {isa = PBXFileReference; lastKnownFileType = sourcecode.swift; path = LittleLemonUITests.swift; sourceTree = "<group>"; };
		3D0D6DA82BA6E04C002B3FD8 /* LittleLemonUITestsLaunchTests.swift */ = {isa = PBXFileReference; lastKnownFileType = sourcecode.swift; path = LittleLemonUITestsLaunchTests.swift; sourceTree = "<group>"; };
		3D0D6DB52BA6E0CE002B3FD8 /* Styles.swift */ = {isa = PBXFileReference; lastKnownFileType = sourcecode.swift; path = Styles.swift; sourceTree = "<group>"; };
		3D0D6DBB2BA6F447002B3FD8 /* FetchedObjects.swift */ = {isa = PBXFileReference; lastKnownFileType = sourcecode.swift; path = FetchedObjects.swift; sourceTree = "<group>"; };
		3D0D6DBD2BA6F456002B3FD8 /* Persistence.swift */ = {isa = PBXFileReference; lastKnownFileType = sourcecode.swift; path = Persistence.swift; sourceTree = "<group>"; };
		3D0D6DC02BA6F475002B3FD8 /* ExampleDatabase.xcdatamodel */ = {isa = PBXFileReference; lastKnownFileType = wrapper.xcdatamodel; path = ExampleDatabase.xcdatamodel; sourceTree = "<group>"; };
		3D0D6DC22BA6F4D7002B3FD8 /* MenuItem.swift */ = {isa = PBXFileReference; lastKnownFileType = sourcecode.swift; path = MenuItem.swift; sourceTree = "<group>"; };
		3D0D6DC42BA6F4E0002B3FD8 /* MenuList.swift */ = {isa = PBXFileReference; lastKnownFileType = sourcecode.swift; path = MenuList.swift; sourceTree = "<group>"; };
		3D0D6DC62BA6F567002B3FD8 /* Onboarding.swift */ = {isa = PBXFileReference; lastKnownFileType = sourcecode.swift; path = Onboarding.swift; sourceTree = "<group>"; };
		3D0D6DC82BA6F572002B3FD8 /* Menu.swift */ = {isa = PBXFileReference; lastKnownFileType = sourcecode.swift; path = Menu.swift; sourceTree = "<group>"; };
		3D0D6DCA2BA6F57C002B3FD8 /* Home.swift */ = {isa = PBXFileReference; lastKnownFileType = sourcecode.swift; path = Home.swift; sourceTree = "<group>"; };
		3D0D6DCC2BA6F593002B3FD8 /* UserProfile.swift */ = {isa = PBXFileReference; lastKnownFileType = sourcecode.swift; path = UserProfile.swift; sourceTree = "<group>"; };
		3D0D6DCE2BA6F59E002B3FD8 /* Hero.swift */ = {isa = PBXFileReference; lastKnownFileType = sourcecode.swift; path = Hero.swift; sourceTree = "<group>"; };
		3D0D6DD02BA6F5AA002B3FD8 /* Header.swift */ = {isa = PBXFileReference; lastKnownFileType = sourcecode.swift; path = Header.swift; sourceTree = "<group>"; };
		3D0D6DD22BA6F5B8002B3FD8 /* FoodItem.swift */ = {isa = PBXFileReference; lastKnownFileType = sourcecode.swift; path = FoodItem.swift; sourceTree = "<group>"; };
		3D0D6DD42BA6F67F002B3FD8 /* MainScreen.swift */ = {isa = PBXFileReference; lastKnownFileType = sourcecode.swift; path = MainScreen.swift; sourceTree = "<group>"; };
		3D0D6DD62BA6F696002B3FD8 /* DetailItem.swift */ = {isa = PBXFileReference; lastKnownFileType = sourcecode.swift; path = DetailItem.swift; sourceTree = "<group>"; };
		3D0D6DD82BA6F6A8002B3FD8 /* ViewModel.swift */ = {isa = PBXFileReference; lastKnownFileType = sourcecode.swift; path = ViewModel.swift; sourceTree = "<group>"; };
/* End PBXFileReference section */

/* Begin PBXFrameworksBuildPhase section */
		3D0D6D842BA6E04B002B3FD8 /* Frameworks */ = {
			isa = PBXFrameworksBuildPhase;
			buildActionMask = 2147483647;
			files = (
			);
			runOnlyForDeploymentPostprocessing = 0;
		};
		3D0D6D952BA6E04C002B3FD8 /* Frameworks */ = {
			isa = PBXFrameworksBuildPhase;
			buildActionMask = 2147483647;
			files = (
			);
			runOnlyForDeploymentPostprocessing = 0;
		};
		3D0D6D9F2BA6E04C002B3FD8 /* Frameworks */ = {
			isa = PBXFrameworksBuildPhase;
			buildActionMask = 2147483647;
			files = (
			);
			runOnlyForDeploymentPostprocessing = 0;
		};
/* End PBXFrameworksBuildPhase section */

/* Begin PBXGroup section */
		3D0D6D7E2BA6E04B002B3FD8 = {
			isa = PBXGroup;
			children = (
				3D0D6D892BA6E04B002B3FD8 /* LittleLemon */,
				3D0D6D9B2BA6E04C002B3FD8 /* LittleLemonTests */,
				3D0D6DA52BA6E04C002B3FD8 /* LittleLemonUITests */,
				3D0D6D882BA6E04B002B3FD8 /* Products */,
			);
			sourceTree = "<group>";
		};
		3D0D6D882BA6E04B002B3FD8 /* Products */ = {
			isa = PBXGroup;
			children = (
				3D0D6D872BA6E04B002B3FD8 /* LittleLemon.app */,
				3D0D6D982BA6E04C002B3FD8 /* LittleLemonTests.xctest */,
				3D0D6DA22BA6E04C002B3FD8 /* LittleLemonUITests.xctest */,
			);
			name = Products;
			sourceTree = "<group>";
		};
		3D0D6D892BA6E04B002B3FD8 /* LittleLemon */ = {
			isa = PBXGroup;
			children = (
				3D0D6D8A2BA6E04B002B3FD8 /* LittleLemonApp.swift */,
				3D0D6DB52BA6E0CE002B3FD8 /* Styles.swift */,
				3D0D6DB72BA6E0E1002B3FD8 /* CoreData */,
				3D0D6DB82BA6E613002B3FD8 /* Models */,
				3D0D6DB92BA6E626002B3FD8 /* Views */,
				3D0D6DBA2BA6E635002B3FD8 /* ViewModel */,
				3D0D6D8E2BA6E04C002B3FD8 /* Assets.xcassets */,
				3D0D6D902BA6E04C002B3FD8 /* LittleLemon.entitlements */,
				3D0D6D912BA6E04C002B3FD8 /* Preview Content */,
			);
			path = LittleLemon;
			sourceTree = "<group>";
		};
		3D0D6D912BA6E04C002B3FD8 /* Preview Content */ = {
			isa = PBXGroup;
			children = (
				3D0D6D922BA6E04C002B3FD8 /* Preview Assets.xcassets */,
			);
			path = "Preview Content";
			sourceTree = "<group>";
		};
		3D0D6D9B2BA6E04C002B3FD8 /* LittleLemonTests */ = {
			isa = PBXGroup;
			children = (
				3D0D6D9C2BA6E04C002B3FD8 /* LittleLemonTests.swift */,
			);
			path = LittleLemonTests;
			sourceTree = "<group>";
		};
		3D0D6DA52BA6E04C002B3FD8 /* LittleLemonUITests */ = {
			isa = PBXGroup;
			children = (
				3D0D6DA62BA6E04C002B3FD8 /* LittleLemonUITests.swift */,
				3D0D6DA82BA6E04C002B3FD8 /* LittleLemonUITestsLaunchTests.swift */,
			);
			path = LittleLemonUITests;
			sourceTree = "<group>";
		};
		3D0D6DB72BA6E0E1002B3FD8 /* CoreData */ = {
			isa = PBXGroup;
			children = (
				3D0D6DBB2BA6F447002B3FD8 /* FetchedObjects.swift */,
				3D0D6DBD2BA6F456002B3FD8 /* Persistence.swift */,
				3D0D6DBF2BA6F475002B3FD8 /* Database.xcdatamodeld */,
			);
			path = CoreData;
			sourceTree = "<group>";
		};
		3D0D6DB82BA6E613002B3FD8 /* Models */ = {
			isa = PBXGroup;
			children = (
				3D0D6DC22BA6F4D7002B3FD8 /* MenuItem.swift */,
				3D0D6DC42BA6F4E0002B3FD8 /* MenuList.swift */,
			);
			path = Models;
			sourceTree = "<group>";
		};
		3D0D6DB92BA6E626002B3FD8 /* Views */ = {
			isa = PBXGroup;
			children = (
				3D0D6DC62BA6F567002B3FD8 /* Onboarding.swift */,
				3D0D6DC82BA6F572002B3FD8 /* Menu.swift */,
				3D0D6DCA2BA6F57C002B3FD8 /* Home.swift */,
				3D0D6DCC2BA6F593002B3FD8 /* UserProfile.swift */,
				3D0D6DCE2BA6F59E002B3FD8 /* Hero.swift */,
				3D0D6DD02BA6F5AA002B3FD8 /* Header.swift */,
				3D0D6DD22BA6F5B8002B3FD8 /* FoodItem.swift */,
				3D0D6DD42BA6F67F002B3FD8 /* MainScreen.swift */,
				3D0D6DD62BA6F696002B3FD8 /* DetailItem.swift */,
			);
			path = Views;
			sourceTree = "<group>";
		};
		3D0D6DBA2BA6E635002B3FD8 /* ViewModel */ = {
			isa = PBXGroup;
			children = (
				3D0D6DD82BA6F6A8002B3FD8 /* ViewModel.swift */,
			);
			path = ViewModel;
			sourceTree = "<group>";
		};
/* End PBXGroup section */

/* Begin PBXNativeTarget section */
		3D0D6D862BA6E04B002B3FD8 /* LittleLemon */ = {
			isa = PBXNativeTarget;
			buildConfigurationList = 3D0D6DAC2BA6E04C002B3FD8 /* Build configuration list for PBXNativeTarget "LittleLemon" */;
			buildPhases = (
				3D0D6D832BA6E04B002B3FD8 /* Sources */,
				3D0D6D842BA6E04B002B3FD8 /* Frameworks */,
				3D0D6D852BA6E04B002B3FD8 /* Resources */,
			);
			buildRules = (
			);
			dependencies = (
			);
			name = LittleLemon;
			productName = LittleLemon;
			productReference = 3D0D6D872BA6E04B002B3FD8 /* LittleLemon.app */;
			productType = "com.apple.product-type.application";
		};
		3D0D6D972BA6E04C002B3FD8 /* LittleLemonTests */ = {
			isa = PBXNativeTarget;
			buildConfigurationList = 3D0D6DAF2BA6E04C002B3FD8 /* Build configuration list for PBXNativeTarget "LittleLemonTests" */;
			buildPhases = (
				3D0D6D942BA6E04C002B3FD8 /* Sources */,
				3D0D6D952BA6E04C002B3FD8 /* Frameworks */,
				3D0D6D962BA6E04C002B3FD8 /* Resources */,
			);
			buildRules = (
			);
			dependencies = (
				3D0D6D9A2BA6E04C002B3FD8 /* PBXTargetDependency */,
			);
			name = LittleLemonTests;
			productName = LittleLemonTests;
			productReference = 3D0D6D982BA6E04C002B3FD8 /* LittleLemonTests.xctest */;
			productType = "com.apple.product-type.bundle.unit-test";
		};
		3D0D6DA12BA6E04C002B3FD8 /* LittleLemonUITests */ = {
			isa = PBXNativeTarget;
			buildConfigurationList = 3D0D6DB22BA6E04C002B3FD8 /* Build configuration list for PBXNativeTarget "LittleLemonUITests" */;
			buildPhases = (
				3D0D6D9E2BA6E04C002B3FD8 /* Sources */,
				3D0D6D9F2BA6E04C002B3FD8 /* Frameworks */,
				3D0D6DA02BA6E04C002B3FD8 /* Resources */,
			);
			buildRules = (
			);
			dependencies = (
				3D0D6DA42BA6E04C002B3FD8 /* PBXTargetDependency */,
			);
			name = LittleLemonUITests;
			productName = LittleLemonUITests;
			productReference = 3D0D6DA22BA6E04C002B3FD8 /* LittleLemonUITests.xctest */;
			productType = "com.apple.product-type.bundle.ui-testing";
		};
/* End PBXNativeTarget section */

/* Begin PBXProject section */
		3D0D6D7F2BA6E04B002B3FD8 /* Project object */ = {
			isa = PBXProject;
			attributes = {
				BuildIndependentTargetsInParallel = 1;
				LastSwiftUpdateCheck = 1500;
				LastUpgradeCheck = 1500;
				TargetAttributes = {
					3D0D6D862BA6E04B002B3FD8 = {
						CreatedOnToolsVersion = 15.0.1;
					};
					3D0D6D972BA6E04C002B3FD8 = {
						CreatedOnToolsVersion = 15.0.1;
						TestTargetID = 3D0D6D862BA6E04B002B3FD8;
					};
					3D0D6DA12BA6E04C002B3FD8 = {
						CreatedOnToolsVersion = 15.0.1;
						TestTargetID = 3D0D6D862BA6E04B002B3FD8;
					};
				};
			};
			buildConfigurationList = 3D0D6D822BA6E04B002B3FD8 /* Build configuration list for PBXProject "LittleLemon" */;
			compatibilityVersion = "Xcode 14.0";
			developmentRegion = en;
			hasScannedForEncodings = 0;
			knownRegions = (
				en,
				Base,
			);
			mainGroup = 3D0D6D7E2BA6E04B002B3FD8;
			productRefGroup = 3D0D6D882BA6E04B002B3FD8 /* Products */;
			projectDirPath = "";
			projectRoot = "";
			targets = (
				3D0D6D862BA6E04B002B3FD8 /* LittleLemon */,
				3D0D6D972BA6E04C002B3FD8 /* LittleLemonTests */,
				3D0D6DA12BA6E04C002B3FD8 /* LittleLemonUITests */,
			);
		};
/* End PBXProject section */

/* Begin PBXResourcesBuildPhase section */
		3D0D6D852BA6E04B002B3FD8 /* Resources */ = {
			isa = PBXResourcesBuildPhase;
			buildActionMask = 2147483647;
			files = (
				3D0D6D932BA6E04C002B3FD8 /* Preview Assets.xcassets in Resources */,
				3D0D6D8F2BA6E04C002B3FD8 /* Assets.xcassets in Resources */,
			);
			runOnlyForDeploymentPostprocessing = 0;
		};
		3D0D6D962BA6E04C002B3FD8 /* Resources */ = {
			isa = PBXResourcesBuildPhase;
			buildActionMask = 2147483647;
			files = (
			);
			runOnlyForDeploymentPostprocessing = 0;
		};
		3D0D6DA02BA6E04C002B3FD8 /* Resources */ = {
			isa = PBXResourcesBuildPhase;
			buildActionMask = 2147483647;
			files = (
			);
			runOnlyForDeploymentPostprocessing = 0;
		};
/* End PBXResourcesBuildPhase section */

/* Begin PBXSourcesBuildPhase section */
		3D0D6D832BA6E04B002B3FD8 /* Sources */ = {
			isa = PBXSourcesBuildPhase;
			buildActionMask = 2147483647;
			files = (
				3D0D6DD32BA6F5B8002B3FD8 /* FoodItem.swift in Sources */,
				3D0D6DC12BA6F475002B3FD8 /* Database.xcdatamodeld in Sources */,
				3D0D6DD12BA6F5AA002B3FD8 /* Header.swift in Sources */,
				3D0D6DB62BA6E0CE002B3FD8 /* Styles.swift in Sources */,
				3D0D6DCB2BA6F57C002B3FD8 /* Home.swift in Sources */,
				3D0D6DBE2BA6F456002B3FD8 /* Persistence.swift in Sources */,
				3D0D6DD92BA6F6A8002B3FD8 /* ViewModel.swift in Sources */,
				3D0D6DC32BA6F4D7002B3FD8 /* MenuItem.swift in Sources */,
				3D0D6DCD2BA6F593002B3FD8 /* UserProfile.swift in Sources */,
				3D0D6D8B2BA6E04B002B3FD8 /* LittleLemonApp.swift in Sources */,
				3D0D6DBC2BA6F447002B3FD8 /* FetchedObjects.swift in Sources */,
				3D0D6DC92BA6F572002B3FD8 /* Menu.swift in Sources */,
				3D0D6DC72BA6F567002B3FD8 /* Onboarding.swift in Sources */,
				3D0D6DD52BA6F67F002B3FD8 /* MainScreen.swift in Sources */,
				3D0D6DD72BA6F696002B3FD8 /* DetailItem.swift in Sources */,
				3D0D6DC52BA6F4E0002B3FD8 /* MenuList.swift in Sources */,
				3D0D6DCF2BA6F59E002B3FD8 /* Hero.swift in Sources */,
			);
			runOnlyForDeploymentPostprocessing = 0;
		};
		3D0D6D942BA6E04C002B3FD8 /* Sources */ = {
			isa = PBXSourcesBuildPhase;
			buildActionMask = 2147483647;
			files = (
				3D0D6D9D2BA6E04C002B3FD8 /* LittleLemonTests.swift in Sources */,
			);
			runOnlyForDeploymentPostprocessing = 0;
		};
		3D0D6D9E2BA6E04C002B3FD8 /* Sources */ = {
			isa = PBXSourcesBuildPhase;
			buildActionMask = 2147483647;
			files = (
				3D0D6DA92BA6E04C002B3FD8 /* LittleLemonUITestsLaunchTests.swift in Sources */,
				3D0D6DA72BA6E04C002B3FD8 /* LittleLemonUITests.swift in Sources */,
			);
			runOnlyForDeploymentPostprocessing = 0;
		};
/* End PBXSourcesBuildPhase section */

/* Begin PBXTargetDependency section */
		3D0D6D9A2BA6E04C002B3FD8 /* PBXTargetDependency */ = {
			isa = PBXTargetDependency;
			target = 3D0D6D862BA6E04B002B3FD8 /* LittleLemon */;
			targetProxy = 3D0D6D992BA6E04C002B3FD8 /* PBXContainerItemProxy */;
		};
		3D0D6DA42BA6E04C002B3FD8 /* PBXTargetDependency */ = {
			isa = PBXTargetDependency;
			target = 3D0D6D862BA6E04B002B3FD8 /* LittleLemon */;
			targetProxy = 3D0D6DA32BA6E04C002B3FD8 /* PBXContainerItemProxy */;
		};
/* End PBXTargetDependency section */

/* Begin XCBuildConfiguration section */
		3D0D6DAA2BA6E04C002B3FD8 /* Debug */ = {
			isa = XCBuildConfiguration;
			buildSettings = {
				ALWAYS_SEARCH_USER_PATHS = NO;
				ASSETCATALOG_COMPILER_GENERATE_SWIFT_ASSET_SYMBOL_EXTENSIONS = YES;
				CLANG_ANALYZER_NONNULL = YES;
				CLANG_ANALYZER_NUMBER_OBJECT_CONVERSION = YES_AGGRESSIVE;
				CLANG_CXX_LANGUAGE_STANDARD = "gnu++20";
				CLANG_ENABLE_MODULES = YES;
				CLANG_ENABLE_OBJC_ARC = YES;
				CLANG_ENABLE_OBJC_WEAK = YES;
				CLANG_WARN_BLOCK_CAPTURE_AUTORELEASING = YES;
				CLANG_WARN_BOOL_CONVERSION = YES;
				CLANG_WARN_COMMA = YES;
				CLANG_WARN_CONSTANT_CONVERSION = YES;
				CLANG_WARN_DEPRECATED_OBJC_IMPLEMENTATIONS = YES;
				CLANG_WARN_DIRECT_OBJC_ISA_USAGE = YES_ERROR;
				CLANG_WARN_DOCUMENTATION_COMMENTS = YES;
				CLANG_WARN_EMPTY_BODY = YES;
				CLANG_WARN_ENUM_CONVERSION = YES;
				CLANG_WARN_INFINITE_RECURSION = YES;
				CLANG_WARN_INT_CONVERSION = YES;
				CLANG_WARN_NON_LITERAL_NULL_CONVERSION = YES;
				CLANG_WARN_OBJC_IMPLICIT_RETAIN_SELF = YES;
				CLANG_WARN_OBJC_LITERAL_CONVERSION = YES;
				CLANG_WARN_OBJC_ROOT_CLASS = YES_ERROR;
				CLANG_WARN_QUOTED_INCLUDE_IN_FRAMEWORK_HEADER = YES;
				CLANG_WARN_RANGE_LOOP_ANALYSIS = YES;
				CLANG_WARN_STRICT_PROTOTYPES = YES;
				CLANG_WARN_SUSPICIOUS_MOVE = YES;
				CLANG_WARN_UNGUARDED_AVAILABILITY = YES_AGGRESSIVE;
				CLANG_WARN_UNREACHABLE_CODE = YES;
				CLANG_WARN__DUPLICATE_METHOD_MATCH = YES;
				COPY_PHASE_STRIP = NO;
				DEBUG_INFORMATION_FORMAT = dwarf;
				ENABLE_STRICT_OBJC_MSGSEND = YES;
				ENABLE_TESTABILITY = YES;
				ENABLE_USER_SCRIPT_SANDBOXING = YES;
				GCC_C_LANGUAGE_STANDARD = gnu17;
				GCC_DYNAMIC_NO_PIC = NO;
				GCC_NO_COMMON_BLOCKS = YES;
				GCC_OPTIMIZATION_LEVEL = 0;
				GCC_PREPROCESSOR_DEFINITIONS = (
					"DEBUG=1",
					"$(inherited)",
				);
				GCC_WARN_64_TO_32_BIT_CONVERSION = YES;
				GCC_WARN_ABOUT_RETURN_TYPE = YES_ERROR;
				GCC_WARN_UNDECLARED_SELECTOR = YES;
				GCC_WARN_UNINITIALIZED_AUTOS = YES_AGGRESSIVE;
				GCC_WARN_UNUSED_FUNCTION = YES;
				GCC_WARN_UNUSED_VARIABLE = YES;
				LOCALIZATION_PREFERS_STRING_CATALOGS = YES;
				MTL_ENABLE_DEBUG_INFO = INCLUDE_SOURCE;
				MTL_FAST_MATH = YES;
				ONLY_ACTIVE_ARCH = YES;
				SWIFT_ACTIVE_COMPILATION_CONDITIONS = "DEBUG $(inherited)";
				SWIFT_OPTIMIZATION_LEVEL = "-Onone";
			};
			name = Debug;
		};
		3D0D6DAB2BA6E04C002B3FD8 /* Release */ = {
			isa = XCBuildConfiguration;
			buildSettings = {
				ALWAYS_SEARCH_USER_PATHS = NO;
				ASSETCATALOG_COMPILER_GENERATE_SWIFT_ASSET_SYMBOL_EXTENSIONS = YES;
				CLANG_ANALYZER_NONNULL = YES;
				CLANG_ANALYZER_NUMBER_OBJECT_CONVERSION = YES_AGGRESSIVE;
				CLANG_CXX_LANGUAGE_STANDARD = "gnu++20";
				CLANG_ENABLE_MODULES = YES;
				CLANG_ENABLE_OBJC_ARC = YES;
				CLANG_ENABLE_OBJC_WEAK = YES;
				CLANG_WARN_BLOCK_CAPTURE_AUTORELEASING = YES;
				CLANG_WARN_BOOL_CONVERSION = YES;
				CLANG_WARN_COMMA = YES;
				CLANG_WARN_CONSTANT_CONVERSION = YES;
				CLANG_WARN_DEPRECATED_OBJC_IMPLEMENTATIONS = YES;
				CLANG_WARN_DIRECT_OBJC_ISA_USAGE = YES_ERROR;
				CLANG_WARN_DOCUMENTATION_COMMENTS = YES;
				CLANG_WARN_EMPTY_BODY = YES;
				CLANG_WARN_ENUM_CONVERSION = YES;
				CLANG_WARN_INFINITE_RECURSION = YES;
				CLANG_WARN_INT_CONVERSION = YES;
				CLANG_WARN_NON_LITERAL_NULL_CONVERSION = YES;
				CLANG_WARN_OBJC_IMPLICIT_RETAIN_SELF = YES;
				CLANG_WARN_OBJC_LITERAL_CONVERSION = YES;
				CLANG_WARN_OBJC_ROOT_CLASS = YES_ERROR;
				CLANG_WARN_QUOTED_INCLUDE_IN_FRAMEWORK_HEADER = YES;
				CLANG_WARN_RANGE_LOOP_ANALYSIS = YES;
				CLANG_WARN_STRICT_PROTOTYPES = YES;
				CLANG_WARN_SUSPICIOUS_MOVE = YES;
				CLANG_WARN_UNGUARDED_AVAILABILITY = YES_AGGRESSIVE;
				CLANG_WARN_UNREACHABLE_CODE = YES;
				CLANG_WARN__DUPLICATE_METHOD_MATCH = YES;
				COPY_PHASE_STRIP = NO;
				DEBUG_INFORMATION_FORMAT = "dwarf-with-dsym";
				ENABLE_NS_ASSERTIONS = NO;
				ENABLE_STRICT_OBJC_MSGSEND = YES;
				ENABLE_USER_SCRIPT_SANDBOXING = YES;
				GCC_C_LANGUAGE_STANDARD = gnu17;
				GCC_NO_COMMON_BLOCKS = YES;
				GCC_WARN_64_TO_32_BIT_CONVERSION = YES;
				GCC_WARN_ABOUT_RETURN_TYPE = YES_ERROR;
				GCC_WARN_UNDECLARED_SELECTOR = YES;
				GCC_WARN_UNINITIALIZED_AUTOS = YES_AGGRESSIVE;
				GCC_WARN_UNUSED_FUNCTION = YES;
				GCC_WARN_UNUSED_VARIABLE = YES;
				LOCALIZATION_PREFERS_STRING_CATALOGS = YES;
				MTL_ENABLE_DEBUG_INFO = NO;
				MTL_FAST_MATH = YES;
				SWIFT_COMPILATION_MODE = wholemodule;
			};
			name = Release;
		};
		3D0D6DAD2BA6E04C002B3FD8 /* Debug */ = {
			isa = XCBuildConfiguration;
			buildSettings = {
				ASSETCATALOG_COMPILER_APPICON_NAME = AppIcon;
				ASSETCATALOG_COMPILER_GLOBAL_ACCENT_COLOR_NAME = AccentColor;
				CODE_SIGN_ENTITLEMENTS = LittleLemon/LittleLemon.entitlements;
				CODE_SIGN_STYLE = Automatic;
				CURRENT_PROJECT_VERSION = 1;
				DEVELOPMENT_ASSET_PATHS = "\"LittleLemon/Preview Content\"";
				ENABLE_PREVIEWS = YES;
				GENERATE_INFOPLIST_FILE = YES;
				"INFOPLIST_KEY_UIApplicationSceneManifest_Generation[sdk=iphoneos*]" = YES;
				"INFOPLIST_KEY_UIApplicationSceneManifest_Generation[sdk=iphonesimulator*]" = YES;
				"INFOPLIST_KEY_UIApplicationSupportsIndirectInputEvents[sdk=iphoneos*]" = YES;
				"INFOPLIST_KEY_UIApplicationSupportsIndirectInputEvents[sdk=iphonesimulator*]" = YES;
				"INFOPLIST_KEY_UILaunchScreen_Generation[sdk=iphoneos*]" = YES;
				"INFOPLIST_KEY_UILaunchScreen_Generation[sdk=iphonesimulator*]" = YES;
				"INFOPLIST_KEY_UIStatusBarStyle[sdk=iphoneos*]" = UIStatusBarStyleDefault;
				"INFOPLIST_KEY_UIStatusBarStyle[sdk=iphonesimulator*]" = UIStatusBarStyleDefault;
				INFOPLIST_KEY_UISupportedInterfaceOrientations_iPad = "UIInterfaceOrientationPortrait UIInterfaceOrientationPortraitUpsideDown UIInterfaceOrientationLandscapeLeft UIInterfaceOrientationLandscapeRight";
				INFOPLIST_KEY_UISupportedInterfaceOrientations_iPhone = "UIInterfaceOrientationPortrait UIInterfaceOrientationLandscapeLeft UIInterfaceOrientationLandscapeRight";
				IPHONEOS_DEPLOYMENT_TARGET = 17.0;
				LD_RUNPATH_SEARCH_PATHS = "@executable_path/Frameworks";
				"LD_RUNPATH_SEARCH_PATHS[sdk=macosx*]" = "@executable_path/../Frameworks";
				MACOSX_DEPLOYMENT_TARGET = 14.0;
				MARKETING_VERSION = 1.0;
				PRODUCT_BUNDLE_IDENTIFIER = abc.com.LittleLemon;
				PRODUCT_NAME = "$(TARGET_NAME)";
				SDKROOT = auto;
				SUPPORTED_PLATFORMS = "iphoneos iphonesimulator macosx";
				SWIFT_EMIT_LOC_STRINGS = YES;
				SWIFT_VERSION = 5.0;
				TARGETED_DEVICE_FAMILY = "1,2";
			};
			name = Debug;
		};
		3D0D6DAE2BA6E04C002B3FD8 /* Release */ = {
			isa = XCBuildConfiguration;
			buildSettings = {
				ASSETCATALOG_COMPILER_APPICON_NAME = AppIcon;
				ASSETCATALOG_COMPILER_GLOBAL_ACCENT_COLOR_NAME = AccentColor;
				CODE_SIGN_ENTITLEMENTS = LittleLemon/LittleLemon.entitlements;
				CODE_SIGN_STYLE = Automatic;
				CURRENT_PROJECT_VERSION = 1;
				DEVELOPMENT_ASSET_PATHS = "\"LittleLemon/Preview Content\"";
				ENABLE_PREVIEWS = YES;
				GENERATE_INFOPLIST_FILE = YES;
				"INFOPLIST_KEY_UIApplicationSceneManifest_Generation[sdk=iphoneos*]" = YES;
				"INFOPLIST_KEY_UIApplicationSceneManifest_Generation[sdk=iphonesimulator*]" = YES;
				"INFOPLIST_KEY_UIApplicationSupportsIndirectInputEvents[sdk=iphoneos*]" = YES;
				"INFOPLIST_KEY_UIApplicationSupportsIndirectInputEvents[sdk=iphonesimulator*]" = YES;
				"INFOPLIST_KEY_UILaunchScreen_Generation[sdk=iphoneos*]" = YES;
				"INFOPLIST_KEY_UILaunchScreen_Generation[sdk=iphonesimulator*]" = YES;
				"INFOPLIST_KEY_UIStatusBarStyle[sdk=iphoneos*]" = UIStatusBarStyleDefault;
				"INFOPLIST_KEY_UIStatusBarStyle[sdk=iphonesimulator*]" = UIStatusBarStyleDefault;
				INFOPLIST_KEY_UISupportedInterfaceOrientations_iPad = "UIInterfaceOrientationPortrait UIInterfaceOrientationPortraitUpsideDown UIInterfaceOrientationLandscapeLeft UIInterfaceOrientationLandscapeRight";
				INFOPLIST_KEY_UISupportedInterfaceOrientations_iPhone = "UIInterfaceOrientationPortrait UIInterfaceOrientationLandscapeLeft UIInterfaceOrientationLandscapeRight";
				IPHONEOS_DEPLOYMENT_TARGET = 17.0;
				LD_RUNPATH_SEARCH_PATHS = "@executable_path/Frameworks";
				"LD_RUNPATH_SEARCH_PATHS[sdk=macosx*]" = "@executable_path/../Frameworks";
				MACOSX_DEPLOYMENT_TARGET = 14.0;
				MARKETING_VERSION = 1.0;
				PRODUCT_BUNDLE_IDENTIFIER = abc.com.LittleLemon;
				PRODUCT_NAME = "$(TARGET_NAME)";
				SDKROOT = auto;
				SUPPORTED_PLATFORMS = "iphoneos iphonesimulator macosx";
				SWIFT_EMIT_LOC_STRINGS = YES;
				SWIFT_VERSION = 5.0;
				TARGETED_DEVICE_FAMILY = "1,2";
			};
			name = Release;
		};
		3D0D6DB02BA6E04C002B3FD8 /* Debug */ = {
			isa = XCBuildConfiguration;
			buildSettings = {
				ALWAYS_EMBED_SWIFT_STANDARD_LIBRARIES = YES;
				BUNDLE_LOADER = "$(TEST_HOST)";
				CODE_SIGN_STYLE = Automatic;
				CURRENT_PROJECT_VERSION = 1;
				GENERATE_INFOPLIST_FILE = YES;
				IPHONEOS_DEPLOYMENT_TARGET = 17.0;
				MACOSX_DEPLOYMENT_TARGET = 14.0;
				MARKETING_VERSION = 1.0;
				PRODUCT_BUNDLE_IDENTIFIER = abc.com.LittleLemonTests;
				PRODUCT_NAME = "$(TARGET_NAME)";
				SDKROOT = auto;
				SUPPORTED_PLATFORMS = "iphoneos iphonesimulator macosx";
				SWIFT_EMIT_LOC_STRINGS = NO;
				SWIFT_VERSION = 5.0;
				TARGETED_DEVICE_FAMILY = "1,2";
				TEST_HOST = "$(BUILT_PRODUCTS_DIR)/LittleLemon.app/$(BUNDLE_EXECUTABLE_FOLDER_PATH)/LittleLemon";
			};
			name = Debug;
		};
		3D0D6DB12BA6E04C002B3FD8 /* Release */ = {
			isa = XCBuildConfiguration;
			buildSettings = {
				ALWAYS_EMBED_SWIFT_STANDARD_LIBRARIES = YES;
				BUNDLE_LOADER = "$(TEST_HOST)";
				CODE_SIGN_STYLE = Automatic;
				CURRENT_PROJECT_VERSION = 1;
				GENERATE_INFOPLIST_FILE = YES;
				IPHONEOS_DEPLOYMENT_TARGET = 17.0;
				MACOSX_DEPLOYMENT_TARGET = 14.0;
				MARKETING_VERSION = 1.0;
				PRODUCT_BUNDLE_IDENTIFIER = abc.com.LittleLemonTests;
				PRODUCT_NAME = "$(TARGET_NAME)";
				SDKROOT = auto;
				SUPPORTED_PLATFORMS = "iphoneos iphonesimulator macosx";
				SWIFT_EMIT_LOC_STRINGS = NO;
				SWIFT_VERSION = 5.0;
				TARGETED_DEVICE_FAMILY = "1,2";
				TEST_HOST = "$(BUILT_PRODUCTS_DIR)/LittleLemon.app/$(BUNDLE_EXECUTABLE_FOLDER_PATH)/LittleLemon";
			};
			name = Release;
		};
		3D0D6DB32BA6E04C002B3FD8 /* Debug */ = {
			isa = XCBuildConfiguration;
			buildSettings = {
				ALWAYS_EMBED_SWIFT_STANDARD_LIBRARIES = YES;
				CODE_SIGN_STYLE = Automatic;
				CURRENT_PROJECT_VERSION = 1;
				GENERATE_INFOPLIST_FILE = YES;
				IPHONEOS_DEPLOYMENT_TARGET = 17.0;
				MACOSX_DEPLOYMENT_TARGET = 14.0;
				MARKETING_VERSION = 1.0;
				PRODUCT_BUNDLE_IDENTIFIER = abc.com.LittleLemonUITests;
				PRODUCT_NAME = "$(TARGET_NAME)";
				SDKROOT = auto;
				SUPPORTED_PLATFORMS = "iphoneos iphonesimulator macosx";
				SWIFT_EMIT_LOC_STRINGS = NO;
				SWIFT_VERSION = 5.0;
				TARGETED_DEVICE_FAMILY = "1,2";
				TEST_TARGET_NAME = LittleLemon;
			};
			name = Debug;
		};
		3D0D6DB42BA6E04C002B3FD8 /* Release */ = {
			isa = XCBuildConfiguration;
			buildSettings = {
				ALWAYS_EMBED_SWIFT_STANDARD_LIBRARIES = YES;
				CODE_SIGN_STYLE = Automatic;
				CURRENT_PROJECT_VERSION = 1;
				GENERATE_INFOPLIST_FILE = YES;
				IPHONEOS_DEPLOYMENT_TARGET = 17.0;
				MACOSX_DEPLOYMENT_TARGET = 14.0;
				MARKETING_VERSION = 1.0;
				PRODUCT_BUNDLE_IDENTIFIER = abc.com.LittleLemonUITests;
				PRODUCT_NAME = "$(TARGET_NAME)";
				SDKROOT = auto;
				SUPPORTED_PLATFORMS = "iphoneos iphonesimulator macosx";
				SWIFT_EMIT_LOC_STRINGS = NO;
				SWIFT_VERSION = 5.0;
				TARGETED_DEVICE_FAMILY = "1,2";
				TEST_TARGET_NAME = LittleLemon;
			};
			name = Release;
		};
/* End XCBuildConfiguration section */

/* Begin XCConfigurationList section */
		3D0D6D822BA6E04B002B3FD8 /* Build configuration list for PBXProject "LittleLemon" */ = {
			isa = XCConfigurationList;
			buildConfigurations = (
				3D0D6DAA2BA6E04C002B3FD8 /* Debug */,
				3D0D6DAB2BA6E04C002B3FD8 /* Release */,
			);
			defaultConfigurationIsVisible = 0;
			defaultConfigurationName = Release;
		};
		3D0D6DAC2BA6E04C002B3FD8 /* Build configuration list for PBXNativeTarget "LittleLemon" */ = {
			isa = XCConfigurationList;
			buildConfigurations = (
				3D0D6DAD2BA6E04C002B3FD8 /* Debug */,
				3D0D6DAE2BA6E04C002B3FD8 /* Release */,
			);
			defaultConfigurationIsVisible = 0;
			defaultConfigurationName = Release;
		};
		3D0D6DAF2BA6E04C002B3FD8 /* Build configuration list for PBXNativeTarget "LittleLemonTests" */ = {
			isa = XCConfigurationList;
			buildConfigurations = (
				3D0D6DB02BA6E04C002B3FD8 /* Debug */,
				3D0D6DB12BA6E04C002B3FD8 /* Release */,
			);
			defaultConfigurationIsVisible = 0;
			defaultConfigurationName = Release;
		};
		3D0D6DB22BA6E04C002B3FD8 /* Build configuration list for PBXNativeTarget "LittleLemonUITests" */ = {
			isa = XCConfigurationList;
			buildConfigurations = (
				3D0D6DB32BA6E04C002B3FD8 /* Debug */,
				3D0D6DB42BA6E04C002B3FD8 /* Release */,
			);
			defaultConfigurationIsVisible = 0;
			defaultConfigurationName = Release;
		};
/* End XCConfigurationList section */

/* Begin XCVersionGroup section */
		3D0D6DBF2BA6F475002B3FD8 /* Database.xcdatamodeld */ = {
			isa = XCVersionGroup;
			children = (
				3D0D6DC02BA6F475002B3FD8 /* ExampleDatabase.xcdatamodel */,
			);
			currentVersion = 3D0D6DC02BA6F475002B3FD8 /* ExampleDatabase.xcdatamodel */;
			path = Database.xcdatamodeld;
			sourceTree = "<group>";
			versionGroupType = wrapper.xcdatamodel;
		};
/* End XCVersionGroup section */
	};
	rootObject = 3D0D6D7F2BA6E04B002B3FD8 /* Project object */;
}
